
Microsoft Visual Studio Solution File, Format Version 12.00
# Visual Studio Version 16
VisualStudioVersion = 16.0.31410.357
MinimumVisualStudioVersion = 10.0.40219.1
Project("{FAE04EC0-301F-11D3-BF4B-00C04F79EFBC}") = "Project03_FrontEnd", "Project03_FrontEnd\Project03_FrontEnd.csproj", "{8664C595-8FC2-471B-9FF7-F93941AEA72C}"
EndProject
Global
	GlobalSection(SolutionConfigurationPlatforms) = preSolution
		Debug|Any CPU = Debug|Any CPU
		Release|Any CPU = Release|Any CPU
	EndGlobalSection
	GlobalSection(ProjectConfigurationPlatforms) = postSolution
		{8664C595-8FC2-471B-9FF7-F93941AEA72C}.Debug|Any CPU.ActiveCfg = Debug|Any CPU
		{8664C595-8FC2-471B-9FF7-F93941AEA72C}.Debug|Any CPU.Build.0 = Debug|Any CPU
		{8664C595-8FC2-471B-9FF7-F93941AEA72C}.Release|Any CPU.ActiveCfg = Release|Any CPU
		{8664C595-8FC2-471B-9FF7-F93941AEA72C}.Release|Any CPU.Build.0 = Release|Any CPU
	EndGlobalSection
	GlobalSection(SolutionProperties) = preSolution
		HideSolutionNode = FALSE
	EndGlobalSection
	GlobalSection(ExtensibilityGlobals) = postSolution
		SolutionGuid = {FC6EBD61-CBE3-46C9-B09B-B8EE0378267F}
	EndGlobalSection
EndGlobal
